
Microsoft Visual Studio Solution File, Format Version 12.00
# Visual Studio Version 16
VisualStudioVersion = 16.0.30804.86
MinimumVisualStudioVersion = 10.0.40219.1
Project("{9A19103F-16F7-4668-BE54-9A1E7A4F7556}") = "CG.MovieAppEntity", "CG.MovieApp\CG.MovieAppEntity.csproj", "{28A211FA-0289-42CC-AD1C-3079512EE01C}"
EndProject
Project("{9A19103F-16F7-4668-BE54-9A1E7A4F7556}") = "CG.MovieApp.DataAccess", "CG.FilmApp.DataAccess\CG.MovieApp.DataAccess.csproj", "{4632E939-77B0-41EF-98B8-EF11108B07CE}"
EndProject
Project("{FAE04EC0-301F-11D3-BF4B-00C04F79EFBC}") = "CG.MovieApp.Business", "CG.MovieApp.Business\CG.MovieApp.Business.csproj", "{CC16C397-7939-4492-882C-B225C2C121ED}"
EndProject
Project("{FAE04EC0-301F-11D3-BF4B-00C04F79EFBC}") = "CM.MovieApp.UI", "CM.MovieApp.UI\CM.MovieApp.UI.csproj", "{F76E435B-C93D-4F2B-9EBA-281465DF66A3}"
EndProject
Global
	GlobalSection(SolutionConfigurationPlatforms) = preSolution
		Debug|Any CPU = Debug|Any CPU
		Release|Any CPU = Release|Any CPU
	EndGlobalSection
	GlobalSection(ProjectConfigurationPlatforms) = postSolution
		{28A211FA-0289-42CC-AD1C-3079512EE01C}.Debug|Any CPU.ActiveCfg = Debug|Any CPU
		{28A211FA-0289-42CC-AD1C-3079512EE01C}.Debug|Any CPU.Build.0 = Debug|Any CPU
		{28A211FA-0289-42CC-AD1C-3079512EE01C}.Release|Any CPU.ActiveCfg = Release|Any CPU
		{28A211FA-0289-42CC-AD1C-3079512EE01C}.Release|Any CPU.Build.0 = Release|Any CPU
		{4632E939-77B0-41EF-98B8-EF11108B07CE}.Debug|Any CPU.ActiveCfg = Debug|Any CPU
		{4632E939-77B0-41EF-98B8-EF11108B07CE}.Debug|Any CPU.Build.0 = Debug|Any CPU
		{4632E939-77B0-41EF-98B8-EF11108B07CE}.Release|Any CPU.ActiveCfg = Release|Any CPU
		{4632E939-77B0-41EF-98B8-EF11108B07CE}.Release|Any CPU.Build.0 = Release|Any CPU
		{CC16C397-7939-4492-882C-B225C2C121ED}.Debug|Any CPU.ActiveCfg = Debug|Any CPU
		{CC16C397-7939-4492-882C-B225C2C121ED}.Debug|Any CPU.Build.0 = Debug|Any CPU
		{CC16C397-7939-4492-882C-B225C2C121ED}.Release|Any CPU.ActiveCfg = Release|Any CPU
		{CC16C397-7939-4492-882C-B225C2C121ED}.Release|Any CPU.Build.0 = Release|Any CPU
		{F76E435B-C93D-4F2B-9EBA-281465DF66A3}.Debug|Any CPU.ActiveCfg = Debug|Any CPU
		{F76E435B-C93D-4F2B-9EBA-281465DF66A3}.Debug|Any CPU.Build.0 = Debug|Any CPU
		{F76E435B-C93D-4F2B-9EBA-281465DF66A3}.Release|Any CPU.ActiveCfg = Release|Any CPU
		{F76E435B-C93D-4F2B-9EBA-281465DF66A3}.Release|Any CPU.Build.0 = Release|Any CPU
	EndGlobalSection
	GlobalSection(SolutionProperties) = preSolution
		HideSolutionNode = FALSE
	EndGlobalSection
	GlobalSection(ExtensibilityGlobals) = postSolution
		SolutionGuid = {6908138B-7E8A-4789-A777-D9452D169200}
	EndGlobalSection
EndGlobal
